
Microsoft Visual Studio Solution File, Format Version 12.00
Project("{FAE04EC0-301F-11D3-BF4B-00C04F79EFBC}") = "RoomRental", "RoomRental\RoomRental.csproj", "{4489D42A-2162-4641-BC1E-05E8CF667264}"
EndProject
Project("{FAE04EC0-301F-11D3-BF4B-00C04F79EFBC}") = "Web", "Web\Web.csproj", "{FBE03DE1-16A2-4E05-8D7F-D13ED4903C3B}"
EndProject
Global
	GlobalSection(SolutionConfigurationPlatforms) = preSolution
		Debug|Any CPU = Debug|Any CPU
		Release|Any CPU = Release|Any CPU
	EndGlobalSection
	GlobalSection(ProjectConfigurationPlatforms) = postSolution
		{4489D42A-2162-4641-BC1E-05E8CF667264}.Debug|Any CPU.ActiveCfg = Debug|Any CPU
		{4489D42A-2162-4641-BC1E-05E8CF667264}.Debug|Any CPU.Build.0 = Debug|Any CPU
		{4489D42A-2162-4641-BC1E-05E8CF667264}.Release|Any CPU.ActiveCfg = Release|Any CPU
		{4489D42A-2162-4641-BC1E-05E8CF667264}.Release|Any CPU.Build.0 = Release|Any CPU
		{FBE03DE1-16A2-4E05-8D7F-D13ED4903C3B}.Debug|Any CPU.ActiveCfg = Debug|Any CPU
		{FBE03DE1-16A2-4E05-8D7F-D13ED4903C3B}.Debug|Any CPU.Build.0 = Debug|Any CPU
		{FBE03DE1-16A2-4E05-8D7F-D13ED4903C3B}.Release|Any CPU.ActiveCfg = Release|Any CPU
		{FBE03DE1-16A2-4E05-8D7F-D13ED4903C3B}.Release|Any CPU.Build.0 = Release|Any CPU
	EndGlobalSection
EndGlobal
